
Microsoft Visual Studio Solution File, Format Version 12.00
# Visual Studio Version 16
VisualStudioVersion = 16.0.32413.511
MinimumVisualStudioVersion = 10.0.40219.1
Project("{FAE04EC0-301F-11D3-BF4B-00C04F79EFBC}") = "WebApplication15", "WebApplication15\WebApplication15.csproj", "{004D6C1A-B423-4C73-AFA0-371342545445}"
EndProject
Global
	GlobalSection(SolutionConfigurationPlatforms) = preSolution
		Debug|Any CPU = Debug|Any CPU
		Release|Any CPU = Release|Any CPU
	EndGlobalSection
	GlobalSection(ProjectConfigurationPlatforms) = postSolution
		{004D6C1A-B423-4C73-AFA0-371342545445}.Debug|Any CPU.ActiveCfg = Debug|Any CPU
		{004D6C1A-B423-4C73-AFA0-371342545445}.Debug|Any CPU.Build.0 = Debug|Any CPU
		{004D6C1A-B423-4C73-AFA0-371342545445}.Release|Any CPU.ActiveCfg = Release|Any CPU
		{004D6C1A-B423-4C73-AFA0-371342545445}.Release|Any CPU.Build.0 = Release|Any CPU
	EndGlobalSection
	GlobalSection(SolutionProperties) = preSolution
		HideSolutionNode = FALSE
	EndGlobalSection
	GlobalSection(ExtensibilityGlobals) = postSolution
		SolutionGuid = {C95420C8-3B8B-4E2D-8C41-D73207AB9254}
	EndGlobalSection
EndGlobal
